
Microsoft Visual Studio Solution File, Format Version 12.00
# Visual Studio 15
VisualStudioVersion = 15.0.28307.329
MinimumVisualStudioVersion = 10.0.40219.1
Project("{FAE04EC0-301F-11D3-BF4B-00C04F79EFBC}") = "FirstDemo", "FirstDemo\FirstDemo.csproj", "{4584FF1B-1E07-41E7-AFCB-40CA441C8F58}"
EndProject
Project("{FAE04EC0-301F-11D3-BF4B-00C04F79EFBC}") = "SecondDemo", "SecondDemo\SecondDemo.csproj", "{4F90AB89-5EF7-4EA4-B538-E535DAA8B012}"
EndProject
Project("{FAE04EC0-301F-11D3-BF4B-00C04F79EFBC}") = "枚举", "枚举\枚举.csproj", "{EC401553-7E74-4DEE-BD1C-008FC5042DE8}"
EndProject
Project("{FAE04EC0-301F-11D3-BF4B-00C04F79EFBC}") = "枚举练习", "枚举练习\枚举练习.csproj", "{0536870D-FA46-4FA5-BFD7-4939DD06DF92}"
EndProject
Project("{FAE04EC0-301F-11D3-BF4B-00C04F79EFBC}") = "结构", "结构\结构.csproj", "{3B70D0AE-9010-42A6-876D-4EBD717E5EB6}"
EndProject
Project("{FAE04EC0-301F-11D3-BF4B-00C04F79EFBC}") = "结构练习", "结构练习\结构练习.csproj", "{526DF871-14B4-4F1E-B8FC-A2198B50BB83}"
EndProject
Project("{FAE04EC0-301F-11D3-BF4B-00C04F79EFBC}") = "数组", "数组\数组.csproj", "{C7E8049D-EF3F-4ABE-AC51-0DB841C63919}"
EndProject
Project("{FAE04EC0-301F-11D3-BF4B-00C04F79EFBC}") = "数组练习了", "数组练习了\数组练习了.csproj", "{FEF6A00A-AC2F-401F-A778-58E45D134563}"
EndProject
Project("{FAE04EC0-301F-11D3-BF4B-00C04F79EFBC}") = "冒泡排序了", "冒泡排序了\冒泡排序了.csproj", "{1126ABC0-3618-46AA-840E-29360E0FA8C5}"
EndProject
Project("{FAE04EC0-301F-11D3-BF4B-00C04F79EFBC}") = "方法", "方法\方法.csproj", "{F3969108-372B-458D-8F25-BEDE72546EA7}"
EndProject
Project("{FAE04EC0-301F-11D3-BF4B-00C04F79EFBC}") = "判断闰年练习", "判断闰年练习\判断闰年练习.csproj", "{9DB287E6-C3C3-4B72-9867-C5F13C840D1B}"
EndProject
Project("{FAE04EC0-301F-11D3-BF4B-00C04F79EFBC}") = "方法练习1了", "方法练习1了\方法练习1了.csproj", "{E8B1D7D3-6711-48F3-94DD-9F112F662BA4}"
EndProject
Project("{FAE04EC0-301F-11D3-BF4B-00C04F79EFBC}") = "方法的三个练习", "方法的三个练习\方法的三个练习.csproj", "{87068CC3-3538-4122-9CAF-5B9999C04EE0}"
EndProject
Project("{FAE04EC0-301F-11D3-BF4B-00C04F79EFBC}") = "Out参数", "Out参数\Out参数.csproj", "{09AE83D8-8370-4E84-A8D3-933ECCEAD2E2}"
EndProject
Project("{FAE04EC0-301F-11D3-BF4B-00C04F79EFBC}") = "Ref参数", "Ref参数\Ref参数.csproj", "{B7B27037-73C8-408C-BC93-400F11AFFF46}"
EndProject
Project("{FAE04EC0-301F-11D3-BF4B-00C04F79EFBC}") = "Ref练习", "Ref练习\Ref练习.csproj", "{BB689049-ACFE-46E7-9544-6BAD4D465430}"
EndProject
Project("{FAE04EC0-301F-11D3-BF4B-00C04F79EFBC}") = "Params练习", "Params练习\Params练习.csproj", "{EBA8D081-B3AD-40B1-AF0E-35DFC324F598}"
EndProject
Project("{FAE04EC0-301F-11D3-BF4B-00C04F79EFBC}") = "方法的重载", "方法的重载\方法的重载.csproj", "{2024F258-2D99-4CB4-8024-19C74EB38081}"
EndProject
Project("{FAE04EC0-301F-11D3-BF4B-00C04F79EFBC}") = "方法的递归", "方法的递归\方法的递归.csproj", "{3E8552A5-D0A3-47AA-AB49-6CADE83DE35A}"
EndProject
Project("{FAE04EC0-301F-11D3-BF4B-00C04F79EFBC}") = "方法的综合练习了", "方法的综合练习了\方法的综合练习了.csproj", "{180F80BF-E34A-44D3-8701-1342216CAE22}"
EndProject
Project("{FAE04EC0-301F-11D3-BF4B-00C04F79EFBC}") = "飞行棋", "飞行棋\飞行棋.csproj", "{9F53C040-7B9C-4732-AFD5-CF0706BF6130}"
EndProject
Global
	GlobalSection(SolutionConfigurationPlatforms) = preSolution
		Debug|Any CPU = Debug|Any CPU
		Release|Any CPU = Release|Any CPU
	EndGlobalSection
	GlobalSection(ProjectConfigurationPlatforms) = postSolution
		{4584FF1B-1E07-41E7-AFCB-40CA441C8F58}.Debug|Any CPU.ActiveCfg = Debug|Any CPU
		{4584FF1B-1E07-41E7-AFCB-40CA441C8F58}.Debug|Any CPU.Build.0 = Debug|Any CPU
		{4584FF1B-1E07-41E7-AFCB-40CA441C8F58}.Release|Any CPU.ActiveCfg = Release|Any CPU
		{4584FF1B-1E07-41E7-AFCB-40CA441C8F58}.Release|Any CPU.Build.0 = Release|Any CPU
		{4F90AB89-5EF7-4EA4-B538-E535DAA8B012}.Debug|Any CPU.ActiveCfg = Debug|Any CPU
		{4F90AB89-5EF7-4EA4-B538-E535DAA8B012}.Debug|Any CPU.Build.0 = Debug|Any CPU
		{4F90AB89-5EF7-4EA4-B538-E535DAA8B012}.Release|Any CPU.ActiveCfg = Release|Any CPU
		{4F90AB89-5EF7-4EA4-B538-E535DAA8B012}.Release|Any CPU.Build.0 = Release|Any CPU
		{EC401553-7E74-4DEE-BD1C-008FC5042DE8}.Debug|Any CPU.ActiveCfg = Debug|Any CPU
		{EC401553-7E74-4DEE-BD1C-008FC5042DE8}.Debug|Any CPU.Build.0 = Debug|Any CPU
		{EC401553-7E74-4DEE-BD1C-008FC5042DE8}.Release|Any CPU.ActiveCfg = Release|Any CPU
		{EC401553-7E74-4DEE-BD1C-008FC5042DE8}.Release|Any CPU.Build.0 = Release|Any CPU
		{0536870D-FA46-4FA5-BFD7-4939DD06DF92}.Debug|Any CPU.ActiveCfg = Debug|Any CPU
		{0536870D-FA46-4FA5-BFD7-4939DD06DF92}.Debug|Any CPU.Build.0 = Debug|Any CPU
		{0536870D-FA46-4FA5-BFD7-4939DD06DF92}.Release|Any CPU.ActiveCfg = Release|Any CPU
		{0536870D-FA46-4FA5-BFD7-4939DD06DF92}.Release|Any CPU.Build.0 = Release|Any CPU
		{3B70D0AE-9010-42A6-876D-4EBD717E5EB6}.Debug|Any CPU.ActiveCfg = Debug|Any CPU
		{3B70D0AE-9010-42A6-876D-4EBD717E5EB6}.Debug|Any CPU.Build.0 = Debug|Any CPU
		{3B70D0AE-9010-42A6-876D-4EBD717E5EB6}.Release|Any CPU.ActiveCfg = Release|Any CPU
		{3B70D0AE-9010-42A6-876D-4EBD717E5EB6}.Release|Any CPU.Build.0 = Release|Any CPU
		{526DF871-14B4-4F1E-B8FC-A2198B50BB83}.Debug|Any CPU.ActiveCfg = Debug|Any CPU
		{526DF871-14B4-4F1E-B8FC-A2198B50BB83}.Debug|Any CPU.Build.0 = Debug|Any CPU
		{526DF871-14B4-4F1E-B8FC-A2198B50BB83}.Release|Any CPU.ActiveCfg = Release|Any CPU
		{526DF871-14B4-4F1E-B8FC-A2198B50BB83}.Release|Any CPU.Build.0 = Release|Any CPU
		{C7E8049D-EF3F-4ABE-AC51-0DB841C63919}.Debug|Any CPU.ActiveCfg = Debug|Any CPU
		{C7E8049D-EF3F-4ABE-AC51-0DB841C63919}.Debug|Any CPU.Build.0 = Debug|Any CPU
		{C7E8049D-EF3F-4ABE-AC51-0DB841C63919}.Release|Any CPU.ActiveCfg = Release|Any CPU
		{C7E8049D-EF3F-4ABE-AC51-0DB841C63919}.Release|Any CPU.Build.0 = Release|Any CPU
		{FEF6A00A-AC2F-401F-A778-58E45D134563}.Debug|Any CPU.ActiveCfg = Debug|Any CPU
		{FEF6A00A-AC2F-401F-A778-58E45D134563}.Debug|Any CPU.Build.0 = Debug|Any CPU
		{FEF6A00A-AC2F-401F-A778-58E45D134563}.Release|Any CPU.ActiveCfg = Release|Any CPU
		{FEF6A00A-AC2F-401F-A778-58E45D134563}.Release|Any CPU.Build.0 = Release|Any CPU
		{1126ABC0-3618-46AA-840E-29360E0FA8C5}.Debug|Any CPU.ActiveCfg = Debug|Any CPU
		{1126ABC0-3618-46AA-840E-29360E0FA8C5}.Debug|Any CPU.Build.0 = Debug|Any CPU
		{1126ABC0-3618-46AA-840E-29360E0FA8C5}.Release|Any CPU.ActiveCfg = Release|Any CPU
		{1126ABC0-3618-46AA-840E-29360E0FA8C5}.Release|Any CPU.Build.0 = Release|Any CPU
		{F3969108-372B-458D-8F25-BEDE72546EA7}.Debug|Any CPU.ActiveCfg = Debug|Any CPU
		{F3969108-372B-458D-8F25-BEDE72546EA7}.Debug|Any CPU.Build.0 = Debug|Any CPU
		{F3969108-372B-458D-8F25-BEDE72546EA7}.Release|Any CPU.ActiveCfg = Release|Any CPU
		{F3969108-372B-458D-8F25-BEDE72546EA7}.Release|Any CPU.Build.0 = Release|Any CPU
		{9DB287E6-C3C3-4B72-9867-C5F13C840D1B}.Debug|Any CPU.ActiveCfg = Debug|Any CPU
		{9DB287E6-C3C3-4B72-9867-C5F13C840D1B}.Debug|Any CPU.Build.0 = Debug|Any CPU
		{9DB287E6-C3C3-4B72-9867-C5F13C840D1B}.Release|Any CPU.ActiveCfg = Release|Any CPU
		{9DB287E6-C3C3-4B72-9867-C5F13C840D1B}.Release|Any CPU.Build.0 = Release|Any CPU
		{E8B1D7D3-6711-48F3-94DD-9F112F662BA4}.Debug|Any CPU.ActiveCfg = Debug|Any CPU
		{E8B1D7D3-6711-48F3-94DD-9F112F662BA4}.Debug|Any CPU.Build.0 = Debug|Any CPU
		{E8B1D7D3-6711-48F3-94DD-9F112F662BA4}.Release|Any CPU.ActiveCfg = Release|Any CPU
		{E8B1D7D3-6711-48F3-94DD-9F112F662BA4}.Release|Any CPU.Build.0 = Release|Any CPU
		{87068CC3-3538-4122-9CAF-5B9999C04EE0}.Debug|Any CPU.ActiveCfg = Debug|Any CPU
		{87068CC3-3538-4122-9CAF-5B9999C04EE0}.Debug|Any CPU.Build.0 = Debug|Any CPU
		{87068CC3-3538-4122-9CAF-5B9999C04EE0}.Release|Any CPU.ActiveCfg = Release|Any CPU
		{87068CC3-3538-4122-9CAF-5B9999C04EE0}.Release|Any CPU.Build.0 = Release|Any CPU
		{09AE83D8-8370-4E84-A8D3-933ECCEAD2E2}.Debug|Any CPU.ActiveCfg = Debug|Any CPU
		{09AE83D8-8370-4E84-A8D3-933ECCEAD2E2}.Debug|Any CPU.Build.0 = Debug|Any CPU
		{09AE83D8-8370-4E84-A8D3-933ECCEAD2E2}.Release|Any CPU.ActiveCfg = Release|Any CPU
		{09AE83D8-8370-4E84-A8D3-933ECCEAD2E2}.Release|Any CPU.Build.0 = Release|Any CPU
		{B7B27037-73C8-408C-BC93-400F11AFFF46}.Debug|Any CPU.ActiveCfg = Debug|Any CPU
		{B7B27037-73C8-408C-BC93-400F11AFFF46}.Debug|Any CPU.Build.0 = Debug|Any CPU
		{B7B27037-73C8-408C-BC93-400F11AFFF46}.Release|Any CPU.ActiveCfg = Release|Any CPU
		{B7B27037-73C8-408C-BC93-400F11AFFF46}.Release|Any CPU.Build.0 = Release|Any CPU
		{BB689049-ACFE-46E7-9544-6BAD4D465430}.Debug|Any CPU.ActiveCfg = Debug|Any CPU
		{BB689049-ACFE-46E7-9544-6BAD4D465430}.Debug|Any CPU.Build.0 = Debug|Any CPU
		{BB689049-ACFE-46E7-9544-6BAD4D465430}.Release|Any CPU.ActiveCfg = Release|Any CPU
		{BB689049-ACFE-46E7-9544-6BAD4D465430}.Release|Any CPU.Build.0 = Release|Any CPU
		{EBA8D081-B3AD-40B1-AF0E-35DFC324F598}.Debug|Any CPU.ActiveCfg = Debug|Any CPU
		{EBA8D081-B3AD-40B1-AF0E-35DFC324F598}.Debug|Any CPU.Build.0 = Debug|Any CPU
		{EBA8D081-B3AD-40B1-AF0E-35DFC324F598}.Release|Any CPU.ActiveCfg = Release|Any CPU
		{EBA8D081-B3AD-40B1-AF0E-35DFC324F598}.Release|Any CPU.Build.0 = Release|Any CPU
		{2024F258-2D99-4CB4-8024-19C74EB38081}.Debug|Any CPU.ActiveCfg = Debug|Any CPU
		{2024F258-2D99-4CB4-8024-19C74EB38081}.Debug|Any CPU.Build.0 = Debug|Any CPU
		{2024F258-2D99-4CB4-8024-19C74EB38081}.Release|Any CPU.ActiveCfg = Release|Any CPU
		{2024F258-2D99-4CB4-8024-19C74EB38081}.Release|Any CPU.Build.0 = Release|Any CPU
		{3E8552A5-D0A3-47AA-AB49-6CADE83DE35A}.Debug|Any CPU.ActiveCfg = Debug|Any CPU
		{3E8552A5-D0A3-47AA-AB49-6CADE83DE35A}.Debug|Any CPU.Build.0 = Debug|Any CPU
		{3E8552A5-D0A3-47AA-AB49-6CADE83DE35A}.Release|Any CPU.ActiveCfg = Release|Any CPU
		{3E8552A5-D0A3-47AA-AB49-6CADE83DE35A}.Release|Any CPU.Build.0 = Release|Any CPU
		{180F80BF-E34A-44D3-8701-1342216CAE22}.Debug|Any CPU.ActiveCfg = Debug|Any CPU
		{180F80BF-E34A-44D3-8701-1342216CAE22}.Debug|Any CPU.Build.0 = Debug|Any CPU
		{180F80BF-E34A-44D3-8701-1342216CAE22}.Release|Any CPU.ActiveCfg = Release|Any CPU
		{180F80BF-E34A-44D3-8701-1342216CAE22}.Release|Any CPU.Build.0 = Release|Any CPU
		{9F53C040-7B9C-4732-AFD5-CF0706BF6130}.Debug|Any CPU.ActiveCfg = Debug|Any CPU
		{9F53C040-7B9C-4732-AFD5-CF0706BF6130}.Debug|Any CPU.Build.0 = Debug|Any CPU
		{9F53C040-7B9C-4732-AFD5-CF0706BF6130}.Release|Any CPU.ActiveCfg = Release|Any CPU
		{9F53C040-7B9C-4732-AFD5-CF0706BF6130}.Release|Any CPU.Build.0 = Release|Any CPU
	EndGlobalSection
	GlobalSection(SolutionProperties) = preSolution
		HideSolutionNode = FALSE
	EndGlobalSection
	GlobalSection(ExtensibilityGlobals) = postSolution
		SolutionGuid = {02BB8A39-BCD2-4544-9542-E33B1C45C6EE}
	EndGlobalSection
EndGlobal
