
Microsoft Visual Studio Solution File, Format Version 12.00
# Visual Studio 15
VisualStudioVersion = 15.0.28307.329
MinimumVisualStudioVersion = 10.0.40219.1
Project("{FAE04EC0-301F-11D3-BF4B-00C04F79EFBC}") = "ClassEvent", "ClassEvent\ClassEvent.csproj", "{C3D696CA-90A4-4BA3-8542-001323826572}"
EndProject
Project("{FAE04EC0-301F-11D3-BF4B-00C04F79EFBC}") = "ClassFunction", "ClassFunction\ClassFunction.csproj", "{74095F3A-DC40-4627-BC0E-FBDD5525D30A}"
EndProject
Project("{FAE04EC0-301F-11D3-BF4B-00C04F79EFBC}") = "ClassAndInstance", "ClassAndInstance\ClassAndInstance.csproj", "{12A009EA-4C1D-4DF3-9E47-D13E0EAF9D6A}"
EndProject
Project("{FAE04EC0-301F-11D3-BF4B-00C04F79EFBC}") = "TypeClasss", "TypeClasss\TypeClasss.csproj", "{0C0DE504-31B0-495D-BF2B-E3883466D5F6}"
EndProject
Project("{FAE04EC0-301F-11D3-BF4B-00C04F79EFBC}") = "StackOverFlow", "StackOverFlow\StackOverFlow.csproj", "{787FDE71-0573-4FDF-83EF-38955A8E0A29}"
EndProject
Project("{FAE04EC0-301F-11D3-BF4B-00C04F79EFBC}") = "HeapSample", "HeapSample\HeapSample.csproj", "{FD42D3F8-B164-4C1F-9C57-53275D615560}"
EndProject
Project("{FAE04EC0-301F-11D3-BF4B-00C04F79EFBC}") = "TypeCShape", "TypeCShape\TypeCShape.csproj", "{8B476FAA-5CCA-421D-B1B7-82796CBFA25E}"
EndProject
Project("{FAE04EC0-301F-11D3-BF4B-00C04F79EFBC}") = "ConstructerExample", "ConstructerExample\ConstructerExample.csproj", "{C7D09ACF-3F0D-4B62-B43B-CF7C18F8D257}"
EndProject
Project("{FAE04EC0-301F-11D3-BF4B-00C04F79EFBC}") = "CSharpMethodExample", "CSharpMethodExample\CSharpMethodExample.csproj", "{54E75E54-6EA3-47D7-B5D2-41EC28587CBB}"
EndProject
Project("{FAE04EC0-301F-11D3-BF4B-00C04F79EFBC}") = "CreateOperator", "CreateOperator\CreateOperator.csproj", "{CA2859FB-C016-44D5-90B3-6C31221374D4}"
EndProject
Project("{FAE04EC0-301F-11D3-BF4B-00C04F79EFBC}") = "OperatorsExample", "OperatorsExample\OperatorsExample.csproj", "{73DE5BFF-0186-44E6-B95D-FB8933B920CD}"
EndProject
Project("{FAE04EC0-301F-11D3-BF4B-00C04F79EFBC}") = "StatementExample", "StatementExample\StatementExample.csproj", "{A7257AD9-89BA-4E85-A4DB-03813DD12C1F}"
EndProject
Project("{FAE04EC0-301F-11D3-BF4B-00C04F79EFBC}") = "StatementsExample2", "StatementsExample2\StatementsExample2.csproj", "{9ACC813B-2C34-4FE5-812B-295216D8F690}"
EndProject
Project("{FAE04EC0-301F-11D3-BF4B-00C04F79EFBC}") = "StatementsExample3", "StatementsExample3\StatementsExample3.csproj", "{C6FF7694-A5B1-41D8-87A9-930D53B7D96D}"
EndProject
Project("{FAE04EC0-301F-11D3-BF4B-00C04F79EFBC}") = "SwitchExample", "SwitchExample\SwitchExample.csproj", "{23F4BE8B-A1C7-49FD-A2ED-F69B18A40630}"
EndProject
Project("{FAE04EC0-301F-11D3-BF4B-00C04F79EFBC}") = "TryCatchDemo", "TryCatchDemo\TryCatchDemo.csproj", "{E4D298CB-5506-4965-8776-10CC2E97066F}"
EndProject
Project("{FAE04EC0-301F-11D3-BF4B-00C04F79EFBC}") = "ConversionExample", "ConversionExample\ConversionExample.csproj", "{F325EE28-3DD7-4F87-B8E3-89E4A6F2D0C2}"
EndProject
Project("{FAE04EC0-301F-11D3-BF4B-00C04F79EFBC}") = "ConversionExample2", "ConversionExample23\ConversionExample2.csproj", "{1E74457A-8B3F-4B7E-8487-71854597C732}"
EndProject
Project("{FAE04EC0-301F-11D3-BF4B-00C04F79EFBC}") = "ConversionExample3", "ConversionExample3\ConversionExample3.csproj", "{3C2AF732-F52F-4D4C-8107-5915533D4793}"
EndProject
Project("{FAE04EC0-301F-11D3-BF4B-00C04F79EFBC}") = "ConversionExample5", "ConversionExample5\ConversionExample5.csproj", "{E0D25E0E-F4DA-43C9-B7B1-1E6A19EE3B08}"
EndProject
Project("{FAE04EC0-301F-11D3-BF4B-00C04F79EFBC}") = "OperationExample6", "OperationExample6\OperationExample6.csproj", "{6B584D91-43EA-4E75-937B-B49B2AF7BB9D}"
EndProject
Project("{FAE04EC0-301F-11D3-BF4B-00C04F79EFBC}") = "ConversionExample6", "ConversionExample6\ConversionExample6.csproj", "{A400382F-9D4B-42DC-8E1E-4E8C651EAEB4}"
EndProject
Project("{FAE04EC0-301F-11D3-BF4B-00C04F79EFBC}") = "ConversionExample7", "ConversionExample7\ConversionExample7.csproj", "{0CBE54E7-0BD4-43E2-89D2-86BA7ECADAA1}"
EndProject
Project("{FAE04EC0-301F-11D3-BF4B-00C04F79EFBC}") = "DataMemberExample", "DataMemberExample\DataMemberExample.csproj", "{BC1B107E-D08E-4C76-8297-76E3A619793A}"
EndProject
Project("{FAE04EC0-301F-11D3-BF4B-00C04F79EFBC}") = "PropertyExample", "PropertyExample\PropertyExample.csproj", "{CE556FD5-615C-4939-B5C8-CCDEEE3A07E9}"
EndProject
Project("{FAE04EC0-301F-11D3-BF4B-00C04F79EFBC}") = "IndexerExample", "IndexerExample\IndexerExample.csproj", "{DCF70537-80EC-4C0B-BE21-5367E81FAE68}"
EndProject
Project("{FAE04EC0-301F-11D3-BF4B-00C04F79EFBC}") = "ConstantExample", "ConstantExample\ConstantExample.csproj", "{0AA3DB17-C4DB-4957-BD0A-69D494E00903}"
EndProject
Project("{FAE04EC0-301F-11D3-BF4B-00C04F79EFBC}") = "ParametersExample", "ParametersExample\ParametersExample.csproj", "{2591BDED-26FF-4D26-95B0-D111F3FF2437}"
EndProject
Project("{FAE04EC0-301F-11D3-BF4B-00C04F79EFBC}") = "ParametersExample2", "ParametersExample2\ParametersExample2.csproj", "{B1BA37A2-13AC-4291-BA83-3148EE9B59DB}"
EndProject
Project("{FAE04EC0-301F-11D3-BF4B-00C04F79EFBC}") = "OutParametersExample", "OutParametersExample\OutParametersExample.csproj", "{BCBB038C-3EEB-4D3E-9741-0A195D4D83E2}"
EndProject
Project("{FAE04EC0-301F-11D3-BF4B-00C04F79EFBC}") = "OutParameterExample2", "OutParameterExample2\OutParameterExample2.csproj", "{6CEE9EF3-A926-4A40-9F73-F6E0BD87E693}"
EndProject
Project("{FAE04EC0-301F-11D3-BF4B-00C04F79EFBC}") = "ParametersExample3", "ParametersExample3\ParametersExample3.csproj", "{62AFAFE0-8C30-4AB4-A23F-27B83CE3B54E}"
EndProject
Project("{FAE04EC0-301F-11D3-BF4B-00C04F79EFBC}") = "ParametersExample5", "ParametersExample5\ParametersExample5.csproj", "{DF529986-816A-4DE4-86A4-65A5033CCFDB}"
EndProject
Project("{FAE04EC0-301F-11D3-BF4B-00C04F79EFBC}") = "DelegateExample", "DelegateExample\DelegateExample.csproj", "{801E4AFF-83C0-480F-86D7-E78BA79ADE7C}"
EndProject
Project("{FAE04EC0-301F-11D3-BF4B-00C04F79EFBC}") = "DelegateExample2", "DelegateExample2\DelegateExample2.csproj", "{12D97085-EEFC-4750-A45E-696484C3E44A}"
EndProject
Project("{FAE04EC0-301F-11D3-BF4B-00C04F79EFBC}") = "DelegateExample3", "DelegateExample3\DelegateExample3.csproj", "{B44CE936-7449-47E1-B4AC-58895DC6F4D3}"
EndProject
Project("{FAE04EC0-301F-11D3-BF4B-00C04F79EFBC}") = "DelegateExample5", "DelegateExample5\DelegateExample5.csproj", "{F6476CA5-326F-4EE2-99B1-CFDD77D75D46}"
EndProject
Project("{FAE04EC0-301F-11D3-BF4B-00C04F79EFBC}") = "MulticastDelegateExample", "MulticastDelegateExample\MulticastDelegateExample.csproj", "{CDCC93EC-18E7-4A72-A748-88453C62829D}"
EndProject
Project("{FAE04EC0-301F-11D3-BF4B-00C04F79EFBC}") = "MultiThreadExample", "MultiThreadExample\MultiThreadExample.csproj", "{3C7EA3E1-3850-445A-A057-757E123C0FA6}"
EndProject
Project("{FAE04EC0-301F-11D3-BF4B-00C04F79EFBC}") = "InterfaceExample", "InterfaceExample\InterfaceExample.csproj", "{054E9AE5-713C-4377-9569-A36E2A7D33B6}"
EndProject
Project("{FAE04EC0-301F-11D3-BF4B-00C04F79EFBC}") = "EventExample", "EventExample\EventExample.csproj", "{474B4205-4FA8-4C5B-A3E0-ED790B5B7D95}"
EndProject
Project("{FAE04EC0-301F-11D3-BF4B-00C04F79EFBC}") = "EventExample2", "EventExample2\EventExample2.csproj", "{404D5B68-F121-4A3F-9395-E442264A1310}"
EndProject
Project("{FAE04EC0-301F-11D3-BF4B-00C04F79EFBC}") = "EventExample3", "EventExample3\EventExample3.csproj", "{549575A6-71F1-481C-8526-C6C051950D6F}"
EndProject
Project("{FAE04EC0-301F-11D3-BF4B-00C04F79EFBC}") = "EventExample5", "EventExample5\EventExample5.csproj", "{40095658-4AD1-4A1D-B79C-7CA504F9F7DF}"
EndProject
Project("{FAE04EC0-301F-11D3-BF4B-00C04F79EFBC}") = "EventExample6", "EventExample6\EventExample6.csproj", "{3B168E92-32F8-486B-8F95-CCC5711D39DA}"
EndProject
Project("{FAE04EC0-301F-11D3-BF4B-00C04F79EFBC}") = "EventExample8", "EventExample8\EventExample8.csproj", "{86D366B8-4B41-4EC8-963E-0BC6C6A4467F}"
EndProject
Project("{FAE04EC0-301F-11D3-BF4B-00C04F79EFBC}") = "EventExample9", "EventExample9\EventExample9.csproj", "{18083744-64FD-4971-A48E-9948AD109BCC}"
EndProject
Project("{FAE04EC0-301F-11D3-BF4B-00C04F79EFBC}") = "EventExample10", "EventExample10\EventExample10.csproj", "{24C14D08-C88C-464D-9DDF-5577636FA01F}"
EndProject
Project("{FAE04EC0-301F-11D3-BF4B-00C04F79EFBC}") = "EventExample11", "EventExample11\EventExample11.csproj", "{3FB65DB5-E7D0-49C0-888E-E197B2814910}"
EndProject
Project("{FAE04EC0-301F-11D3-BF4B-00C04F79EFBC}") = "DelegateReview", "DelegateReview\DelegateReview.csproj", "{BA5CDB06-E69D-42A3-99AE-97EC9700CB5D}"
EndProject
Project("{FAE04EC0-301F-11D3-BF4B-00C04F79EFBC}") = "DelegateReview2", "DelegateReview2\DelegateReview2.csproj", "{313887C6-4D8B-411C-A972-47258406B87D}"
EndProject
Project("{FAE04EC0-301F-11D3-BF4B-00C04F79EFBC}") = "DelegateReview3", "DelegateReview3\DelegateReview3.csproj", "{43979496-BCF6-4257-8EA1-D7D4D07CDCEE}"
EndProject
Project("{FAE04EC0-301F-11D3-BF4B-00C04F79EFBC}") = "DelegateReview5", "DelegateReview5\DelegateReview5.csproj", "{B59438FB-933A-4993-A73E-DA7B1CDE41B4}"
EndProject
Project("{FAE04EC0-301F-11D3-BF4B-00C04F79EFBC}") = "DelegateReview6", "DelegateReview6\DelegateReview6.csproj", "{86197CBF-1D1E-4752-A13B-DB25F966649C}"
EndProject
Project("{FAE04EC0-301F-11D3-BF4B-00C04F79EFBC}") = "ClassDemo01", "ClassDemo01\ClassDemo01.csproj", "{EA6241FE-F897-49A9-AEE6-EE013D1FFB64}"
EndProject
Project("{FAE04EC0-301F-11D3-BF4B-00C04F79EFBC}") = "ClassDemo2", "ClassDemo2\ClassDemo2.csproj", "{642EC897-C197-4635-AFBE-8B9871738989}"
EndProject
Project("{FAE04EC0-301F-11D3-BF4B-00C04F79EFBC}") = "MyLib", "MyLib\MyLib.csproj", "{9E51DD90-EB1D-4EAF-BE72-889FEB2FFC5A}"
EndProject
Project("{FAE04EC0-301F-11D3-BF4B-00C04F79EFBC}") = "OOP01", "OOP01\OOP01.csproj", "{57343420-B2D6-439B-8D7C-4E1D36F1E93E}"
EndProject
Project("{FAE04EC0-301F-11D3-BF4B-00C04F79EFBC}") = "OPP02", "OPP02\OPP02.csproj", "{C4211AD6-738C-4382-95F8-1D30823DDEE9}"
EndProject
Project("{FAE04EC0-301F-11D3-BF4B-00C04F79EFBC}") = "OPP03", "OPP03\OPP03.csproj", "{9FE5C4B8-F536-4425-ABAD-C9FB2586DFB9}"
EndProject
Project("{FAE04EC0-301F-11D3-BF4B-00C04F79EFBC}") = "OPP05", "OPP05\OPP05.csproj", "{FD04EE7C-A764-4F3B-AB30-A341BD914DDA}"
EndProject
Project("{FAE04EC0-301F-11D3-BF4B-00C04F79EFBC}") = "OPP06", "OPP06\OPP06.csproj", "{4BA6D04E-EB41-4882-9F40-2D61301119A2}"
EndProject
Project("{FAE04EC0-301F-11D3-BF4B-00C04F79EFBC}") = "InterfaceExample02", "InterfaceExample02\InterfaceExample02.csproj", "{7F643CE9-D882-4A05-896B-676BE8E65245}"
EndProject
Project("{FAE04EC0-301F-11D3-BF4B-00C04F79EFBC}") = "InterfaceExample03", "InterfaceExample03\InterfaceExample03.csproj", "{0CF7A859-026B-48F7-8E1C-928D0CD39254}"
EndProject
Project("{FAE04EC0-301F-11D3-BF4B-00C04F79EFBC}") = "InterfaceExample05", "InterfaceExample05\InterfaceExample05.csproj", "{6C0A029E-1EA5-4A01-BB95-B6184CAAE6FA}"
EndProject
Project("{FAE04EC0-301F-11D3-BF4B-00C04F79EFBC}") = "UnitTestInterfaceExample05", "UnitTestInterfaceExample05\UnitTestInterfaceExample05.csproj", "{FC091467-C936-41F6-BBDF-0DA44AE21228}"
EndProject
Project("{FAE04EC0-301F-11D3-BF4B-00C04F79EFBC}") = "IspExample", "IspExample\IspExample.csproj", "{A3FAAC0C-418F-4F7D-A5B3-16286D6CE681}"
EndProject
Project("{FAE04EC0-301F-11D3-BF4B-00C04F79EFBC}") = "IspExample2", "IspExample2\IspExample2.csproj", "{B1E67C21-713E-483C-B7BD-59DB7EDB27C9}"
EndProject
Project("{FAE04EC0-301F-11D3-BF4B-00C04F79EFBC}") = "Generic01", "Generic01\Generic01.csproj", "{17324F52-5DCA-4F78-A6E2-740F16F02253}"
EndProject
Project("{FAE04EC0-301F-11D3-BF4B-00C04F79EFBC}") = "Generic02", "Generic02\Generic02.csproj", "{D73CBBCC-46BB-44A4-ACA4-A98A30E940A0}"
EndProject
Project("{FAE04EC0-301F-11D3-BF4B-00C04F79EFBC}") = "Generic03", "Generic03\Generic03.csproj", "{FA531EFB-AD39-4C9A-89DB-5916E473C0B3}"
EndProject
Project("{FAE04EC0-301F-11D3-BF4B-00C04F79EFBC}") = "Generic05", "Generic05\Generic05.csproj", "{230787A7-D97B-47EC-81EF-CD5F4BC38C4A}"
EndProject
Project("{FAE04EC0-301F-11D3-BF4B-00C04F79EFBC}") = "Enum01", "Enum01\Enum01.csproj", "{0AF64903-1F90-4A04-B8A1-F328E30969E2}"
EndProject
Project("{FAE04EC0-301F-11D3-BF4B-00C04F79EFBC}") = "Struct01", "Struct01\Struct01.csproj", "{320F1B08-C91F-4053-B856-514A5DC2DA37}"
EndProject
Project("{FAE04EC0-301F-11D3-BF4B-00C04F79EFBC}") = "StringBuilderDemo", "StringBufferDemo\StringBuilderDemo.csproj", "{3E35EEDC-8B51-428C-97A3-C53F677C9DD6}"
EndProject
Project("{FAE04EC0-301F-11D3-BF4B-00C04F79EFBC}") = "TryPaseDemo", "TryPaseDemo\TryPaseDemo.csproj", "{1475B93D-E35C-4333-A857-EE9581F6F160}"
EndProject
Global
	GlobalSection(SolutionConfigurationPlatforms) = preSolution
		Debug|Any CPU = Debug|Any CPU
		Release|Any CPU = Release|Any CPU
	EndGlobalSection
	GlobalSection(ProjectConfigurationPlatforms) = postSolution
		{C3D696CA-90A4-4BA3-8542-001323826572}.Debug|Any CPU.ActiveCfg = Debug|Any CPU
		{C3D696CA-90A4-4BA3-8542-001323826572}.Debug|Any CPU.Build.0 = Debug|Any CPU
		{C3D696CA-90A4-4BA3-8542-001323826572}.Release|Any CPU.ActiveCfg = Release|Any CPU
		{C3D696CA-90A4-4BA3-8542-001323826572}.Release|Any CPU.Build.0 = Release|Any CPU
		{74095F3A-DC40-4627-BC0E-FBDD5525D30A}.Debug|Any CPU.ActiveCfg = Debug|Any CPU
		{74095F3A-DC40-4627-BC0E-FBDD5525D30A}.Debug|Any CPU.Build.0 = Debug|Any CPU
		{74095F3A-DC40-4627-BC0E-FBDD5525D30A}.Release|Any CPU.ActiveCfg = Release|Any CPU
		{74095F3A-DC40-4627-BC0E-FBDD5525D30A}.Release|Any CPU.Build.0 = Release|Any CPU
		{12A009EA-4C1D-4DF3-9E47-D13E0EAF9D6A}.Debug|Any CPU.ActiveCfg = Debug|Any CPU
		{12A009EA-4C1D-4DF3-9E47-D13E0EAF9D6A}.Debug|Any CPU.Build.0 = Debug|Any CPU
		{12A009EA-4C1D-4DF3-9E47-D13E0EAF9D6A}.Release|Any CPU.ActiveCfg = Release|Any CPU
		{12A009EA-4C1D-4DF3-9E47-D13E0EAF9D6A}.Release|Any CPU.Build.0 = Release|Any CPU
		{0C0DE504-31B0-495D-BF2B-E3883466D5F6}.Debug|Any CPU.ActiveCfg = Debug|Any CPU
		{0C0DE504-31B0-495D-BF2B-E3883466D5F6}.Debug|Any CPU.Build.0 = Debug|Any CPU
		{0C0DE504-31B0-495D-BF2B-E3883466D5F6}.Release|Any CPU.ActiveCfg = Release|Any CPU
		{0C0DE504-31B0-495D-BF2B-E3883466D5F6}.Release|Any CPU.Build.0 = Release|Any CPU
		{787FDE71-0573-4FDF-83EF-38955A8E0A29}.Debug|Any CPU.ActiveCfg = Debug|Any CPU
		{787FDE71-0573-4FDF-83EF-38955A8E0A29}.Debug|Any CPU.Build.0 = Debug|Any CPU
		{787FDE71-0573-4FDF-83EF-38955A8E0A29}.Release|Any CPU.ActiveCfg = Release|Any CPU
		{787FDE71-0573-4FDF-83EF-38955A8E0A29}.Release|Any CPU.Build.0 = Release|Any CPU
		{FD42D3F8-B164-4C1F-9C57-53275D615560}.Debug|Any CPU.ActiveCfg = Debug|Any CPU
		{FD42D3F8-B164-4C1F-9C57-53275D615560}.Debug|Any CPU.Build.0 = Debug|Any CPU
		{FD42D3F8-B164-4C1F-9C57-53275D615560}.Release|Any CPU.ActiveCfg = Release|Any CPU
		{FD42D3F8-B164-4C1F-9C57-53275D615560}.Release|Any CPU.Build.0 = Release|Any CPU
		{8B476FAA-5CCA-421D-B1B7-82796CBFA25E}.Debug|Any CPU.ActiveCfg = Debug|Any CPU
		{8B476FAA-5CCA-421D-B1B7-82796CBFA25E}.Debug|Any CPU.Build.0 = Debug|Any CPU
		{8B476FAA-5CCA-421D-B1B7-82796CBFA25E}.Release|Any CPU.ActiveCfg = Release|Any CPU
		{8B476FAA-5CCA-421D-B1B7-82796CBFA25E}.Release|Any CPU.Build.0 = Release|Any CPU
		{C7D09ACF-3F0D-4B62-B43B-CF7C18F8D257}.Debug|Any CPU.ActiveCfg = Debug|Any CPU
		{C7D09ACF-3F0D-4B62-B43B-CF7C18F8D257}.Debug|Any CPU.Build.0 = Debug|Any CPU
		{C7D09ACF-3F0D-4B62-B43B-CF7C18F8D257}.Release|Any CPU.ActiveCfg = Release|Any CPU
		{C7D09ACF-3F0D-4B62-B43B-CF7C18F8D257}.Release|Any CPU.Build.0 = Release|Any CPU
		{54E75E54-6EA3-47D7-B5D2-41EC28587CBB}.Debug|Any CPU.ActiveCfg = Debug|Any CPU
		{54E75E54-6EA3-47D7-B5D2-41EC28587CBB}.Debug|Any CPU.Build.0 = Debug|Any CPU
		{54E75E54-6EA3-47D7-B5D2-41EC28587CBB}.Release|Any CPU.ActiveCfg = Release|Any CPU
		{54E75E54-6EA3-47D7-B5D2-41EC28587CBB}.Release|Any CPU.Build.0 = Release|Any CPU
		{CA2859FB-C016-44D5-90B3-6C31221374D4}.Debug|Any CPU.ActiveCfg = Debug|Any CPU
		{CA2859FB-C016-44D5-90B3-6C31221374D4}.Debug|Any CPU.Build.0 = Debug|Any CPU
		{CA2859FB-C016-44D5-90B3-6C31221374D4}.Release|Any CPU.ActiveCfg = Release|Any CPU
		{CA2859FB-C016-44D5-90B3-6C31221374D4}.Release|Any CPU.Build.0 = Release|Any CPU
		{73DE5BFF-0186-44E6-B95D-FB8933B920CD}.Debug|Any CPU.ActiveCfg = Debug|Any CPU
		{73DE5BFF-0186-44E6-B95D-FB8933B920CD}.Debug|Any CPU.Build.0 = Debug|Any CPU
		{73DE5BFF-0186-44E6-B95D-FB8933B920CD}.Release|Any CPU.ActiveCfg = Release|Any CPU
		{73DE5BFF-0186-44E6-B95D-FB8933B920CD}.Release|Any CPU.Build.0 = Release|Any CPU
		{A7257AD9-89BA-4E85-A4DB-03813DD12C1F}.Debug|Any CPU.ActiveCfg = Debug|Any CPU
		{A7257AD9-89BA-4E85-A4DB-03813DD12C1F}.Debug|Any CPU.Build.0 = Debug|Any CPU
		{A7257AD9-89BA-4E85-A4DB-03813DD12C1F}.Release|Any CPU.ActiveCfg = Release|Any CPU
		{A7257AD9-89BA-4E85-A4DB-03813DD12C1F}.Release|Any CPU.Build.0 = Release|Any CPU
		{9ACC813B-2C34-4FE5-812B-295216D8F690}.Debug|Any CPU.ActiveCfg = Debug|Any CPU
		{9ACC813B-2C34-4FE5-812B-295216D8F690}.Debug|Any CPU.Build.0 = Debug|Any CPU
		{9ACC813B-2C34-4FE5-812B-295216D8F690}.Release|Any CPU.ActiveCfg = Release|Any CPU
		{9ACC813B-2C34-4FE5-812B-295216D8F690}.Release|Any CPU.Build.0 = Release|Any CPU
		{C6FF7694-A5B1-41D8-87A9-930D53B7D96D}.Debug|Any CPU.ActiveCfg = Debug|Any CPU
		{C6FF7694-A5B1-41D8-87A9-930D53B7D96D}.Debug|Any CPU.Build.0 = Debug|Any CPU
		{C6FF7694-A5B1-41D8-87A9-930D53B7D96D}.Release|Any CPU.ActiveCfg = Release|Any CPU
		{C6FF7694-A5B1-41D8-87A9-930D53B7D96D}.Release|Any CPU.Build.0 = Release|Any CPU
		{23F4BE8B-A1C7-49FD-A2ED-F69B18A40630}.Debug|Any CPU.ActiveCfg = Debug|Any CPU
		{23F4BE8B-A1C7-49FD-A2ED-F69B18A40630}.Debug|Any CPU.Build.0 = Debug|Any CPU
		{23F4BE8B-A1C7-49FD-A2ED-F69B18A40630}.Release|Any CPU.ActiveCfg = Release|Any CPU
		{23F4BE8B-A1C7-49FD-A2ED-F69B18A40630}.Release|Any CPU.Build.0 = Release|Any CPU
		{E4D298CB-5506-4965-8776-10CC2E97066F}.Debug|Any CPU.ActiveCfg = Debug|Any CPU
		{E4D298CB-5506-4965-8776-10CC2E97066F}.Debug|Any CPU.Build.0 = Debug|Any CPU
		{E4D298CB-5506-4965-8776-10CC2E97066F}.Release|Any CPU.ActiveCfg = Release|Any CPU
		{E4D298CB-5506-4965-8776-10CC2E97066F}.Release|Any CPU.Build.0 = Release|Any CPU
		{F325EE28-3DD7-4F87-B8E3-89E4A6F2D0C2}.Debug|Any CPU.ActiveCfg = Debug|Any CPU
		{F325EE28-3DD7-4F87-B8E3-89E4A6F2D0C2}.Debug|Any CPU.Build.0 = Debug|Any CPU
		{F325EE28-3DD7-4F87-B8E3-89E4A6F2D0C2}.Release|Any CPU.ActiveCfg = Release|Any CPU
		{F325EE28-3DD7-4F87-B8E3-89E4A6F2D0C2}.Release|Any CPU.Build.0 = Release|Any CPU
		{1E74457A-8B3F-4B7E-8487-71854597C732}.Debug|Any CPU.ActiveCfg = Debug|Any CPU
		{1E74457A-8B3F-4B7E-8487-71854597C732}.Debug|Any CPU.Build.0 = Debug|Any CPU
		{1E74457A-8B3F-4B7E-8487-71854597C732}.Release|Any CPU.ActiveCfg = Release|Any CPU
		{1E74457A-8B3F-4B7E-8487-71854597C732}.Release|Any CPU.Build.0 = Release|Any CPU
		{3C2AF732-F52F-4D4C-8107-5915533D4793}.Debug|Any CPU.ActiveCfg = Debug|Any CPU
		{3C2AF732-F52F-4D4C-8107-5915533D4793}.Debug|Any CPU.Build.0 = Debug|Any CPU
		{3C2AF732-F52F-4D4C-8107-5915533D4793}.Release|Any CPU.ActiveCfg = Release|Any CPU
		{3C2AF732-F52F-4D4C-8107-5915533D4793}.Release|Any CPU.Build.0 = Release|Any CPU
		{E0D25E0E-F4DA-43C9-B7B1-1E6A19EE3B08}.Debug|Any CPU.ActiveCfg = Debug|Any CPU
		{E0D25E0E-F4DA-43C9-B7B1-1E6A19EE3B08}.Debug|Any CPU.Build.0 = Debug|Any CPU
		{E0D25E0E-F4DA-43C9-B7B1-1E6A19EE3B08}.Release|Any CPU.ActiveCfg = Release|Any CPU
		{E0D25E0E-F4DA-43C9-B7B1-1E6A19EE3B08}.Release|Any CPU.Build.0 = Release|Any CPU
		{6B584D91-43EA-4E75-937B-B49B2AF7BB9D}.Debug|Any CPU.ActiveCfg = Debug|Any CPU
		{6B584D91-43EA-4E75-937B-B49B2AF7BB9D}.Debug|Any CPU.Build.0 = Debug|Any CPU
		{6B584D91-43EA-4E75-937B-B49B2AF7BB9D}.Release|Any CPU.ActiveCfg = Release|Any CPU
		{6B584D91-43EA-4E75-937B-B49B2AF7BB9D}.Release|Any CPU.Build.0 = Release|Any CPU
		{A400382F-9D4B-42DC-8E1E-4E8C651EAEB4}.Debug|Any CPU.ActiveCfg = Debug|Any CPU
		{A400382F-9D4B-42DC-8E1E-4E8C651EAEB4}.Debug|Any CPU.Build.0 = Debug|Any CPU
		{A400382F-9D4B-42DC-8E1E-4E8C651EAEB4}.Release|Any CPU.ActiveCfg = Release|Any CPU
		{A400382F-9D4B-42DC-8E1E-4E8C651EAEB4}.Release|Any CPU.Build.0 = Release|Any CPU
		{0CBE54E7-0BD4-43E2-89D2-86BA7ECADAA1}.Debug|Any CPU.ActiveCfg = Debug|Any CPU
		{0CBE54E7-0BD4-43E2-89D2-86BA7ECADAA1}.Debug|Any CPU.Build.0 = Debug|Any CPU
		{0CBE54E7-0BD4-43E2-89D2-86BA7ECADAA1}.Release|Any CPU.ActiveCfg = Release|Any CPU
		{0CBE54E7-0BD4-43E2-89D2-86BA7ECADAA1}.Release|Any CPU.Build.0 = Release|Any CPU
		{BC1B107E-D08E-4C76-8297-76E3A619793A}.Debug|Any CPU.ActiveCfg = Debug|Any CPU
		{BC1B107E-D08E-4C76-8297-76E3A619793A}.Debug|Any CPU.Build.0 = Debug|Any CPU
		{BC1B107E-D08E-4C76-8297-76E3A619793A}.Release|Any CPU.ActiveCfg = Release|Any CPU
		{BC1B107E-D08E-4C76-8297-76E3A619793A}.Release|Any CPU.Build.0 = Release|Any CPU
		{CE556FD5-615C-4939-B5C8-CCDEEE3A07E9}.Debug|Any CPU.ActiveCfg = Debug|Any CPU
		{CE556FD5-615C-4939-B5C8-CCDEEE3A07E9}.Debug|Any CPU.Build.0 = Debug|Any CPU
		{CE556FD5-615C-4939-B5C8-CCDEEE3A07E9}.Release|Any CPU.ActiveCfg = Release|Any CPU
		{CE556FD5-615C-4939-B5C8-CCDEEE3A07E9}.Release|Any CPU.Build.0 = Release|Any CPU
		{DCF70537-80EC-4C0B-BE21-5367E81FAE68}.Debug|Any CPU.ActiveCfg = Debug|Any CPU
		{DCF70537-80EC-4C0B-BE21-5367E81FAE68}.Debug|Any CPU.Build.0 = Debug|Any CPU
		{DCF70537-80EC-4C0B-BE21-5367E81FAE68}.Release|Any CPU.ActiveCfg = Release|Any CPU
		{DCF70537-80EC-4C0B-BE21-5367E81FAE68}.Release|Any CPU.Build.0 = Release|Any CPU
		{0AA3DB17-C4DB-4957-BD0A-69D494E00903}.Debug|Any CPU.ActiveCfg = Debug|Any CPU
		{0AA3DB17-C4DB-4957-BD0A-69D494E00903}.Debug|Any CPU.Build.0 = Debug|Any CPU
		{0AA3DB17-C4DB-4957-BD0A-69D494E00903}.Release|Any CPU.ActiveCfg = Release|Any CPU
		{0AA3DB17-C4DB-4957-BD0A-69D494E00903}.Release|Any CPU.Build.0 = Release|Any CPU
		{2591BDED-26FF-4D26-95B0-D111F3FF2437}.Debug|Any CPU.ActiveCfg = Debug|Any CPU
		{2591BDED-26FF-4D26-95B0-D111F3FF2437}.Debug|Any CPU.Build.0 = Debug|Any CPU
		{2591BDED-26FF-4D26-95B0-D111F3FF2437}.Release|Any CPU.ActiveCfg = Release|Any CPU
		{2591BDED-26FF-4D26-95B0-D111F3FF2437}.Release|Any CPU.Build.0 = Release|Any CPU
		{B1BA37A2-13AC-4291-BA83-3148EE9B59DB}.Debug|Any CPU.ActiveCfg = Debug|Any CPU
		{B1BA37A2-13AC-4291-BA83-3148EE9B59DB}.Debug|Any CPU.Build.0 = Debug|Any CPU
		{B1BA37A2-13AC-4291-BA83-3148EE9B59DB}.Release|Any CPU.ActiveCfg = Release|Any CPU
		{B1BA37A2-13AC-4291-BA83-3148EE9B59DB}.Release|Any CPU.Build.0 = Release|Any CPU
		{BCBB038C-3EEB-4D3E-9741-0A195D4D83E2}.Debug|Any CPU.ActiveCfg = Debug|Any CPU
		{BCBB038C-3EEB-4D3E-9741-0A195D4D83E2}.Debug|Any CPU.Build.0 = Debug|Any CPU
		{BCBB038C-3EEB-4D3E-9741-0A195D4D83E2}.Release|Any CPU.ActiveCfg = Release|Any CPU
		{BCBB038C-3EEB-4D3E-9741-0A195D4D83E2}.Release|Any CPU.Build.0 = Release|Any CPU
		{6CEE9EF3-A926-4A40-9F73-F6E0BD87E693}.Debug|Any CPU.ActiveCfg = Debug|Any CPU
		{6CEE9EF3-A926-4A40-9F73-F6E0BD87E693}.Debug|Any CPU.Build.0 = Debug|Any CPU
		{6CEE9EF3-A926-4A40-9F73-F6E0BD87E693}.Release|Any CPU.ActiveCfg = Release|Any CPU
		{6CEE9EF3-A926-4A40-9F73-F6E0BD87E693}.Release|Any CPU.Build.0 = Release|Any CPU
		{62AFAFE0-8C30-4AB4-A23F-27B83CE3B54E}.Debug|Any CPU.ActiveCfg = Debug|Any CPU
		{62AFAFE0-8C30-4AB4-A23F-27B83CE3B54E}.Debug|Any CPU.Build.0 = Debug|Any CPU
		{62AFAFE0-8C30-4AB4-A23F-27B83CE3B54E}.Release|Any CPU.ActiveCfg = Release|Any CPU
		{62AFAFE0-8C30-4AB4-A23F-27B83CE3B54E}.Release|Any CPU.Build.0 = Release|Any CPU
		{DF529986-816A-4DE4-86A4-65A5033CCFDB}.Debug|Any CPU.ActiveCfg = Debug|Any CPU
		{DF529986-816A-4DE4-86A4-65A5033CCFDB}.Debug|Any CPU.Build.0 = Debug|Any CPU
		{DF529986-816A-4DE4-86A4-65A5033CCFDB}.Release|Any CPU.ActiveCfg = Release|Any CPU
		{DF529986-816A-4DE4-86A4-65A5033CCFDB}.Release|Any CPU.Build.0 = Release|Any CPU
		{801E4AFF-83C0-480F-86D7-E78BA79ADE7C}.Debug|Any CPU.ActiveCfg = Debug|Any CPU
		{801E4AFF-83C0-480F-86D7-E78BA79ADE7C}.Debug|Any CPU.Build.0 = Debug|Any CPU
		{801E4AFF-83C0-480F-86D7-E78BA79ADE7C}.Release|Any CPU.ActiveCfg = Release|Any CPU
		{801E4AFF-83C0-480F-86D7-E78BA79ADE7C}.Release|Any CPU.Build.0 = Release|Any CPU
		{12D97085-EEFC-4750-A45E-696484C3E44A}.Debug|Any CPU.ActiveCfg = Debug|Any CPU
		{12D97085-EEFC-4750-A45E-696484C3E44A}.Debug|Any CPU.Build.0 = Debug|Any CPU
		{12D97085-EEFC-4750-A45E-696484C3E44A}.Release|Any CPU.ActiveCfg = Release|Any CPU
		{12D97085-EEFC-4750-A45E-696484C3E44A}.Release|Any CPU.Build.0 = Release|Any CPU
		{B44CE936-7449-47E1-B4AC-58895DC6F4D3}.Debug|Any CPU.ActiveCfg = Debug|Any CPU
		{B44CE936-7449-47E1-B4AC-58895DC6F4D3}.Debug|Any CPU.Build.0 = Debug|Any CPU
		{B44CE936-7449-47E1-B4AC-58895DC6F4D3}.Release|Any CPU.ActiveCfg = Release|Any CPU
		{B44CE936-7449-47E1-B4AC-58895DC6F4D3}.Release|Any CPU.Build.0 = Release|Any CPU
		{F6476CA5-326F-4EE2-99B1-CFDD77D75D46}.Debug|Any CPU.ActiveCfg = Debug|Any CPU
		{F6476CA5-326F-4EE2-99B1-CFDD77D75D46}.Debug|Any CPU.Build.0 = Debug|Any CPU
		{F6476CA5-326F-4EE2-99B1-CFDD77D75D46}.Release|Any CPU.ActiveCfg = Release|Any CPU
		{F6476CA5-326F-4EE2-99B1-CFDD77D75D46}.Release|Any CPU.Build.0 = Release|Any CPU
		{CDCC93EC-18E7-4A72-A748-88453C62829D}.Debug|Any CPU.ActiveCfg = Debug|Any CPU
		{CDCC93EC-18E7-4A72-A748-88453C62829D}.Debug|Any CPU.Build.0 = Debug|Any CPU
		{CDCC93EC-18E7-4A72-A748-88453C62829D}.Release|Any CPU.ActiveCfg = Release|Any CPU
		{CDCC93EC-18E7-4A72-A748-88453C62829D}.Release|Any CPU.Build.0 = Release|Any CPU
		{3C7EA3E1-3850-445A-A057-757E123C0FA6}.Debug|Any CPU.ActiveCfg = Debug|Any CPU
		{3C7EA3E1-3850-445A-A057-757E123C0FA6}.Debug|Any CPU.Build.0 = Debug|Any CPU
		{3C7EA3E1-3850-445A-A057-757E123C0FA6}.Release|Any CPU.ActiveCfg = Release|Any CPU
		{3C7EA3E1-3850-445A-A057-757E123C0FA6}.Release|Any CPU.Build.0 = Release|Any CPU
		{054E9AE5-713C-4377-9569-A36E2A7D33B6}.Debug|Any CPU.ActiveCfg = Debug|Any CPU
		{054E9AE5-713C-4377-9569-A36E2A7D33B6}.Debug|Any CPU.Build.0 = Debug|Any CPU
		{054E9AE5-713C-4377-9569-A36E2A7D33B6}.Release|Any CPU.ActiveCfg = Release|Any CPU
		{054E9AE5-713C-4377-9569-A36E2A7D33B6}.Release|Any CPU.Build.0 = Release|Any CPU
		{474B4205-4FA8-4C5B-A3E0-ED790B5B7D95}.Debug|Any CPU.ActiveCfg = Debug|Any CPU
		{474B4205-4FA8-4C5B-A3E0-ED790B5B7D95}.Debug|Any CPU.Build.0 = Debug|Any CPU
		{474B4205-4FA8-4C5B-A3E0-ED790B5B7D95}.Release|Any CPU.ActiveCfg = Release|Any CPU
		{474B4205-4FA8-4C5B-A3E0-ED790B5B7D95}.Release|Any CPU.Build.0 = Release|Any CPU
		{404D5B68-F121-4A3F-9395-E442264A1310}.Debug|Any CPU.ActiveCfg = Debug|Any CPU
		{404D5B68-F121-4A3F-9395-E442264A1310}.Debug|Any CPU.Build.0 = Debug|Any CPU
		{404D5B68-F121-4A3F-9395-E442264A1310}.Release|Any CPU.ActiveCfg = Release|Any CPU
		{404D5B68-F121-4A3F-9395-E442264A1310}.Release|Any CPU.Build.0 = Release|Any CPU
		{549575A6-71F1-481C-8526-C6C051950D6F}.Debug|Any CPU.ActiveCfg = Debug|Any CPU
		{549575A6-71F1-481C-8526-C6C051950D6F}.Debug|Any CPU.Build.0 = Debug|Any CPU
		{549575A6-71F1-481C-8526-C6C051950D6F}.Release|Any CPU.ActiveCfg = Release|Any CPU
		{549575A6-71F1-481C-8526-C6C051950D6F}.Release|Any CPU.Build.0 = Release|Any CPU
		{40095658-4AD1-4A1D-B79C-7CA504F9F7DF}.Debug|Any CPU.ActiveCfg = Debug|Any CPU
		{40095658-4AD1-4A1D-B79C-7CA504F9F7DF}.Debug|Any CPU.Build.0 = Debug|Any CPU
		{40095658-4AD1-4A1D-B79C-7CA504F9F7DF}.Release|Any CPU.ActiveCfg = Release|Any CPU
		{40095658-4AD1-4A1D-B79C-7CA504F9F7DF}.Release|Any CPU.Build.0 = Release|Any CPU
		{3B168E92-32F8-486B-8F95-CCC5711D39DA}.Debug|Any CPU.ActiveCfg = Debug|Any CPU
		{3B168E92-32F8-486B-8F95-CCC5711D39DA}.Debug|Any CPU.Build.0 = Debug|Any CPU
		{3B168E92-32F8-486B-8F95-CCC5711D39DA}.Release|Any CPU.ActiveCfg = Release|Any CPU
		{3B168E92-32F8-486B-8F95-CCC5711D39DA}.Release|Any CPU.Build.0 = Release|Any CPU
		{86D366B8-4B41-4EC8-963E-0BC6C6A4467F}.Debug|Any CPU.ActiveCfg = Debug|Any CPU
		{86D366B8-4B41-4EC8-963E-0BC6C6A4467F}.Debug|Any CPU.Build.0 = Debug|Any CPU
		{86D366B8-4B41-4EC8-963E-0BC6C6A4467F}.Release|Any CPU.ActiveCfg = Release|Any CPU
		{86D366B8-4B41-4EC8-963E-0BC6C6A4467F}.Release|Any CPU.Build.0 = Release|Any CPU
		{18083744-64FD-4971-A48E-9948AD109BCC}.Debug|Any CPU.ActiveCfg = Debug|Any CPU
		{18083744-64FD-4971-A48E-9948AD109BCC}.Debug|Any CPU.Build.0 = Debug|Any CPU
		{18083744-64FD-4971-A48E-9948AD109BCC}.Release|Any CPU.ActiveCfg = Release|Any CPU
		{18083744-64FD-4971-A48E-9948AD109BCC}.Release|Any CPU.Build.0 = Release|Any CPU
		{24C14D08-C88C-464D-9DDF-5577636FA01F}.Debug|Any CPU.ActiveCfg = Debug|Any CPU
		{24C14D08-C88C-464D-9DDF-5577636FA01F}.Debug|Any CPU.Build.0 = Debug|Any CPU
		{24C14D08-C88C-464D-9DDF-5577636FA01F}.Release|Any CPU.ActiveCfg = Release|Any CPU
		{24C14D08-C88C-464D-9DDF-5577636FA01F}.Release|Any CPU.Build.0 = Release|Any CPU
		{3FB65DB5-E7D0-49C0-888E-E197B2814910}.Debug|Any CPU.ActiveCfg = Debug|Any CPU
		{3FB65DB5-E7D0-49C0-888E-E197B2814910}.Debug|Any CPU.Build.0 = Debug|Any CPU
		{3FB65DB5-E7D0-49C0-888E-E197B2814910}.Release|Any CPU.ActiveCfg = Release|Any CPU
		{3FB65DB5-E7D0-49C0-888E-E197B2814910}.Release|Any CPU.Build.0 = Release|Any CPU
		{BA5CDB06-E69D-42A3-99AE-97EC9700CB5D}.Debug|Any CPU.ActiveCfg = Debug|Any CPU
		{BA5CDB06-E69D-42A3-99AE-97EC9700CB5D}.Debug|Any CPU.Build.0 = Debug|Any CPU
		{BA5CDB06-E69D-42A3-99AE-97EC9700CB5D}.Release|Any CPU.ActiveCfg = Release|Any CPU
		{BA5CDB06-E69D-42A3-99AE-97EC9700CB5D}.Release|Any CPU.Build.0 = Release|Any CPU
		{313887C6-4D8B-411C-A972-47258406B87D}.Debug|Any CPU.ActiveCfg = Debug|Any CPU
		{313887C6-4D8B-411C-A972-47258406B87D}.Debug|Any CPU.Build.0 = Debug|Any CPU
		{313887C6-4D8B-411C-A972-47258406B87D}.Release|Any CPU.ActiveCfg = Release|Any CPU
		{313887C6-4D8B-411C-A972-47258406B87D}.Release|Any CPU.Build.0 = Release|Any CPU
		{43979496-BCF6-4257-8EA1-D7D4D07CDCEE}.Debug|Any CPU.ActiveCfg = Debug|Any CPU
		{43979496-BCF6-4257-8EA1-D7D4D07CDCEE}.Debug|Any CPU.Build.0 = Debug|Any CPU
		{43979496-BCF6-4257-8EA1-D7D4D07CDCEE}.Release|Any CPU.ActiveCfg = Release|Any CPU
		{43979496-BCF6-4257-8EA1-D7D4D07CDCEE}.Release|Any CPU.Build.0 = Release|Any CPU
		{B59438FB-933A-4993-A73E-DA7B1CDE41B4}.Debug|Any CPU.ActiveCfg = Debug|Any CPU
		{B59438FB-933A-4993-A73E-DA7B1CDE41B4}.Debug|Any CPU.Build.0 = Debug|Any CPU
		{B59438FB-933A-4993-A73E-DA7B1CDE41B4}.Release|Any CPU.ActiveCfg = Release|Any CPU
		{B59438FB-933A-4993-A73E-DA7B1CDE41B4}.Release|Any CPU.Build.0 = Release|Any CPU
		{86197CBF-1D1E-4752-A13B-DB25F966649C}.Debug|Any CPU.ActiveCfg = Debug|Any CPU
		{86197CBF-1D1E-4752-A13B-DB25F966649C}.Debug|Any CPU.Build.0 = Debug|Any CPU
		{86197CBF-1D1E-4752-A13B-DB25F966649C}.Release|Any CPU.ActiveCfg = Release|Any CPU
		{86197CBF-1D1E-4752-A13B-DB25F966649C}.Release|Any CPU.Build.0 = Release|Any CPU
		{EA6241FE-F897-49A9-AEE6-EE013D1FFB64}.Debug|Any CPU.ActiveCfg = Debug|Any CPU
		{EA6241FE-F897-49A9-AEE6-EE013D1FFB64}.Debug|Any CPU.Build.0 = Debug|Any CPU
		{EA6241FE-F897-49A9-AEE6-EE013D1FFB64}.Release|Any CPU.ActiveCfg = Release|Any CPU
		{EA6241FE-F897-49A9-AEE6-EE013D1FFB64}.Release|Any CPU.Build.0 = Release|Any CPU
		{642EC897-C197-4635-AFBE-8B9871738989}.Debug|Any CPU.ActiveCfg = Debug|Any CPU
		{642EC897-C197-4635-AFBE-8B9871738989}.Debug|Any CPU.Build.0 = Debug|Any CPU
		{642EC897-C197-4635-AFBE-8B9871738989}.Release|Any CPU.ActiveCfg = Release|Any CPU
		{642EC897-C197-4635-AFBE-8B9871738989}.Release|Any CPU.Build.0 = Release|Any CPU
		{9E51DD90-EB1D-4EAF-BE72-889FEB2FFC5A}.Debug|Any CPU.ActiveCfg = Debug|Any CPU
		{9E51DD90-EB1D-4EAF-BE72-889FEB2FFC5A}.Debug|Any CPU.Build.0 = Debug|Any CPU
		{9E51DD90-EB1D-4EAF-BE72-889FEB2FFC5A}.Release|Any CPU.ActiveCfg = Release|Any CPU
		{9E51DD90-EB1D-4EAF-BE72-889FEB2FFC5A}.Release|Any CPU.Build.0 = Release|Any CPU
		{57343420-B2D6-439B-8D7C-4E1D36F1E93E}.Debug|Any CPU.ActiveCfg = Debug|Any CPU
		{57343420-B2D6-439B-8D7C-4E1D36F1E93E}.Debug|Any CPU.Build.0 = Debug|Any CPU
		{57343420-B2D6-439B-8D7C-4E1D36F1E93E}.Release|Any CPU.ActiveCfg = Release|Any CPU
		{57343420-B2D6-439B-8D7C-4E1D36F1E93E}.Release|Any CPU.Build.0 = Release|Any CPU
		{C4211AD6-738C-4382-95F8-1D30823DDEE9}.Debug|Any CPU.ActiveCfg = Debug|Any CPU
		{C4211AD6-738C-4382-95F8-1D30823DDEE9}.Debug|Any CPU.Build.0 = Debug|Any CPU
		{C4211AD6-738C-4382-95F8-1D30823DDEE9}.Release|Any CPU.ActiveCfg = Release|Any CPU
		{C4211AD6-738C-4382-95F8-1D30823DDEE9}.Release|Any CPU.Build.0 = Release|Any CPU
		{9FE5C4B8-F536-4425-ABAD-C9FB2586DFB9}.Debug|Any CPU.ActiveCfg = Debug|Any CPU
		{9FE5C4B8-F536-4425-ABAD-C9FB2586DFB9}.Debug|Any CPU.Build.0 = Debug|Any CPU
		{9FE5C4B8-F536-4425-ABAD-C9FB2586DFB9}.Release|Any CPU.ActiveCfg = Release|Any CPU
		{9FE5C4B8-F536-4425-ABAD-C9FB2586DFB9}.Release|Any CPU.Build.0 = Release|Any CPU
		{FD04EE7C-A764-4F3B-AB30-A341BD914DDA}.Debug|Any CPU.ActiveCfg = Debug|Any CPU
		{FD04EE7C-A764-4F3B-AB30-A341BD914DDA}.Debug|Any CPU.Build.0 = Debug|Any CPU
		{FD04EE7C-A764-4F3B-AB30-A341BD914DDA}.Release|Any CPU.ActiveCfg = Release|Any CPU
		{FD04EE7C-A764-4F3B-AB30-A341BD914DDA}.Release|Any CPU.Build.0 = Release|Any CPU
		{4BA6D04E-EB41-4882-9F40-2D61301119A2}.Debug|Any CPU.ActiveCfg = Debug|Any CPU
		{4BA6D04E-EB41-4882-9F40-2D61301119A2}.Debug|Any CPU.Build.0 = Debug|Any CPU
		{4BA6D04E-EB41-4882-9F40-2D61301119A2}.Release|Any CPU.ActiveCfg = Release|Any CPU
		{4BA6D04E-EB41-4882-9F40-2D61301119A2}.Release|Any CPU.Build.0 = Release|Any CPU
		{7F643CE9-D882-4A05-896B-676BE8E65245}.Debug|Any CPU.ActiveCfg = Debug|Any CPU
		{7F643CE9-D882-4A05-896B-676BE8E65245}.Debug|Any CPU.Build.0 = Debug|Any CPU
		{7F643CE9-D882-4A05-896B-676BE8E65245}.Release|Any CPU.ActiveCfg = Release|Any CPU
		{7F643CE9-D882-4A05-896B-676BE8E65245}.Release|Any CPU.Build.0 = Release|Any CPU
		{0CF7A859-026B-48F7-8E1C-928D0CD39254}.Debug|Any CPU.ActiveCfg = Debug|Any CPU
		{0CF7A859-026B-48F7-8E1C-928D0CD39254}.Debug|Any CPU.Build.0 = Debug|Any CPU
		{0CF7A859-026B-48F7-8E1C-928D0CD39254}.Release|Any CPU.ActiveCfg = Release|Any CPU
		{0CF7A859-026B-48F7-8E1C-928D0CD39254}.Release|Any CPU.Build.0 = Release|Any CPU
		{6C0A029E-1EA5-4A01-BB95-B6184CAAE6FA}.Debug|Any CPU.ActiveCfg = Debug|Any CPU
		{6C0A029E-1EA5-4A01-BB95-B6184CAAE6FA}.Debug|Any CPU.Build.0 = Debug|Any CPU
		{6C0A029E-1EA5-4A01-BB95-B6184CAAE6FA}.Release|Any CPU.ActiveCfg = Release|Any CPU
		{6C0A029E-1EA5-4A01-BB95-B6184CAAE6FA}.Release|Any CPU.Build.0 = Release|Any CPU
		{FC091467-C936-41F6-BBDF-0DA44AE21228}.Debug|Any CPU.ActiveCfg = Debug|Any CPU
		{FC091467-C936-41F6-BBDF-0DA44AE21228}.Debug|Any CPU.Build.0 = Debug|Any CPU
		{FC091467-C936-41F6-BBDF-0DA44AE21228}.Release|Any CPU.ActiveCfg = Release|Any CPU
		{FC091467-C936-41F6-BBDF-0DA44AE21228}.Release|Any CPU.Build.0 = Release|Any CPU
		{A3FAAC0C-418F-4F7D-A5B3-16286D6CE681}.Debug|Any CPU.ActiveCfg = Debug|Any CPU
		{A3FAAC0C-418F-4F7D-A5B3-16286D6CE681}.Debug|Any CPU.Build.0 = Debug|Any CPU
		{A3FAAC0C-418F-4F7D-A5B3-16286D6CE681}.Release|Any CPU.ActiveCfg = Release|Any CPU
		{A3FAAC0C-418F-4F7D-A5B3-16286D6CE681}.Release|Any CPU.Build.0 = Release|Any CPU
		{B1E67C21-713E-483C-B7BD-59DB7EDB27C9}.Debug|Any CPU.ActiveCfg = Debug|Any CPU
		{B1E67C21-713E-483C-B7BD-59DB7EDB27C9}.Debug|Any CPU.Build.0 = Debug|Any CPU
		{B1E67C21-713E-483C-B7BD-59DB7EDB27C9}.Release|Any CPU.ActiveCfg = Release|Any CPU
		{B1E67C21-713E-483C-B7BD-59DB7EDB27C9}.Release|Any CPU.Build.0 = Release|Any CPU
		{17324F52-5DCA-4F78-A6E2-740F16F02253}.Debug|Any CPU.ActiveCfg = Debug|Any CPU
		{17324F52-5DCA-4F78-A6E2-740F16F02253}.Debug|Any CPU.Build.0 = Debug|Any CPU
		{17324F52-5DCA-4F78-A6E2-740F16F02253}.Release|Any CPU.ActiveCfg = Release|Any CPU
		{17324F52-5DCA-4F78-A6E2-740F16F02253}.Release|Any CPU.Build.0 = Release|Any CPU
		{D73CBBCC-46BB-44A4-ACA4-A98A30E940A0}.Debug|Any CPU.ActiveCfg = Debug|Any CPU
		{D73CBBCC-46BB-44A4-ACA4-A98A30E940A0}.Debug|Any CPU.Build.0 = Debug|Any CPU
		{D73CBBCC-46BB-44A4-ACA4-A98A30E940A0}.Release|Any CPU.ActiveCfg = Release|Any CPU
		{D73CBBCC-46BB-44A4-ACA4-A98A30E940A0}.Release|Any CPU.Build.0 = Release|Any CPU
		{FA531EFB-AD39-4C9A-89DB-5916E473C0B3}.Debug|Any CPU.ActiveCfg = Debug|Any CPU
		{FA531EFB-AD39-4C9A-89DB-5916E473C0B3}.Debug|Any CPU.Build.0 = Debug|Any CPU
		{FA531EFB-AD39-4C9A-89DB-5916E473C0B3}.Release|Any CPU.ActiveCfg = Release|Any CPU
		{FA531EFB-AD39-4C9A-89DB-5916E473C0B3}.Release|Any CPU.Build.0 = Release|Any CPU
		{230787A7-D97B-47EC-81EF-CD5F4BC38C4A}.Debug|Any CPU.ActiveCfg = Debug|Any CPU
		{230787A7-D97B-47EC-81EF-CD5F4BC38C4A}.Debug|Any CPU.Build.0 = Debug|Any CPU
		{230787A7-D97B-47EC-81EF-CD5F4BC38C4A}.Release|Any CPU.ActiveCfg = Release|Any CPU
		{230787A7-D97B-47EC-81EF-CD5F4BC38C4A}.Release|Any CPU.Build.0 = Release|Any CPU
		{0AF64903-1F90-4A04-B8A1-F328E30969E2}.Debug|Any CPU.ActiveCfg = Debug|Any CPU
		{0AF64903-1F90-4A04-B8A1-F328E30969E2}.Debug|Any CPU.Build.0 = Debug|Any CPU
		{0AF64903-1F90-4A04-B8A1-F328E30969E2}.Release|Any CPU.ActiveCfg = Release|Any CPU
		{0AF64903-1F90-4A04-B8A1-F328E30969E2}.Release|Any CPU.Build.0 = Release|Any CPU
		{320F1B08-C91F-4053-B856-514A5DC2DA37}.Debug|Any CPU.ActiveCfg = Debug|Any CPU
		{320F1B08-C91F-4053-B856-514A5DC2DA37}.Debug|Any CPU.Build.0 = Debug|Any CPU
		{320F1B08-C91F-4053-B856-514A5DC2DA37}.Release|Any CPU.ActiveCfg = Release|Any CPU
		{320F1B08-C91F-4053-B856-514A5DC2DA37}.Release|Any CPU.Build.0 = Release|Any CPU
		{3E35EEDC-8B51-428C-97A3-C53F677C9DD6}.Debug|Any CPU.ActiveCfg = Debug|Any CPU
		{3E35EEDC-8B51-428C-97A3-C53F677C9DD6}.Debug|Any CPU.Build.0 = Debug|Any CPU
		{3E35EEDC-8B51-428C-97A3-C53F677C9DD6}.Release|Any CPU.ActiveCfg = Release|Any CPU
		{3E35EEDC-8B51-428C-97A3-C53F677C9DD6}.Release|Any CPU.Build.0 = Release|Any CPU
		{1475B93D-E35C-4333-A857-EE9581F6F160}.Debug|Any CPU.ActiveCfg = Debug|Any CPU
		{1475B93D-E35C-4333-A857-EE9581F6F160}.Debug|Any CPU.Build.0 = Debug|Any CPU
		{1475B93D-E35C-4333-A857-EE9581F6F160}.Release|Any CPU.ActiveCfg = Release|Any CPU
		{1475B93D-E35C-4333-A857-EE9581F6F160}.Release|Any CPU.Build.0 = Release|Any CPU
	EndGlobalSection
	GlobalSection(SolutionProperties) = preSolution
		HideSolutionNode = FALSE
	EndGlobalSection
	GlobalSection(ExtensibilityGlobals) = postSolution
		SolutionGuid = {044F203D-7ECE-4E7D-8FB9-69930748EFAD}
	EndGlobalSection
EndGlobal
